
Microsoft Visual Studio Solution File, Format Version 12.00
# Visual Studio Version 16
VisualStudioVersion = 16.0.28803.452
MinimumVisualStudioVersion = 10.0.40219.1
Project("{FAE04EC0-301F-11D3-BF4B-00C04F79EFBC}") = "UpperTextBox", "UpperTextBox\UpperTextBox.csproj", "{E52F839A-E492-43BC-8DA7-47B764EDC7DC}"
EndProject
Project("{FAE04EC0-301F-11D3-BF4B-00C04F79EFBC}") = "IdentifyByLabel", "IdentifyByLabel\IdentifyByLabel.csproj", "{7C2BE089-3F28-4020-88F6-478FFC5C2702}"
EndProject
Project("{FAE04EC0-301F-11D3-BF4B-00C04F79EFBC}") = "ImplementingTree", "ImplementingTree\ImplementingTree.csproj", "{7C7C6D29-9F27-4AD2-819F-D5479C620ADA}"
EndProject
Project("{FAE04EC0-301F-11D3-BF4B-00C04F79EFBC}") = "ImplementingTreeTricentisSolution", "ImplementingTreeTricentisSolution\ImplementingTreeTricentisSolution.csproj", "{FD672E0D-E327-4261-A1A4-4CBD53FE1C3C}"
EndProject
Project("{FAE04EC0-301F-11D3-BF4B-00C04F79EFBC}") = "ImplementingTable", "ImplementingTable\ImplementingTable.csproj", "{B78DC2D9-21F1-4151-8A1D-FF3A46E6B48A}"
EndProject
Project("{FAE04EC0-301F-11D3-BF4B-00C04F79EFBC}") = "ImplementingTableTricentisSolution", "ImplementingTableTricentisSolution\ImplementingTableTricentisSolution.csproj", "{1E3E25F3-AEE1-43FF-97EB-90DBEE385607}"
EndProject
Project("{FAE04EC0-301F-11D3-BF4B-00C04F79EFBC}") = "ImplementingComboBox", "ImplementingComboBox\ImplementingComboBox.csproj", "{A4ABADCC-3CC9-4B9A-A018-73B7160274B0}"
EndProject
Project("{FAE04EC0-301F-11D3-BF4B-00C04F79EFBC}") = "ImplementingComboBoxTricentisSolution", "ImplementingComboBoxTricentisSolution\ImplementingComboBoxTricentisSolution.csproj", "{2FC890DE-FCC1-4503-9773-550D319ED762}"
EndProject
Global
	GlobalSection(SolutionConfigurationPlatforms) = preSolution
		Debug|Any CPU = Debug|Any CPU
		Release|Any CPU = Release|Any CPU
	EndGlobalSection
	GlobalSection(ProjectConfigurationPlatforms) = postSolution
		{E52F839A-E492-43BC-8DA7-47B764EDC7DC}.Debug|Any CPU.ActiveCfg = Debug|Any CPU
		{E52F839A-E492-43BC-8DA7-47B764EDC7DC}.Debug|Any CPU.Build.0 = Debug|Any CPU
		{E52F839A-E492-43BC-8DA7-47B764EDC7DC}.Release|Any CPU.ActiveCfg = Release|Any CPU
		{E52F839A-E492-43BC-8DA7-47B764EDC7DC}.Release|Any CPU.Build.0 = Release|Any CPU
		{7C2BE089-3F28-4020-88F6-478FFC5C2702}.Debug|Any CPU.ActiveCfg = Debug|Any CPU
		{7C2BE089-3F28-4020-88F6-478FFC5C2702}.Debug|Any CPU.Build.0 = Debug|Any CPU
		{7C2BE089-3F28-4020-88F6-478FFC5C2702}.Release|Any CPU.ActiveCfg = Release|Any CPU
		{7C2BE089-3F28-4020-88F6-478FFC5C2702}.Release|Any CPU.Build.0 = Release|Any CPU
		{7C7C6D29-9F27-4AD2-819F-D5479C620ADA}.Debug|Any CPU.ActiveCfg = Debug|Any CPU
		{7C7C6D29-9F27-4AD2-819F-D5479C620ADA}.Debug|Any CPU.Build.0 = Debug|Any CPU
		{7C7C6D29-9F27-4AD2-819F-D5479C620ADA}.Release|Any CPU.ActiveCfg = Release|Any CPU
		{7C7C6D29-9F27-4AD2-819F-D5479C620ADA}.Release|Any CPU.Build.0 = Release|Any CPU
		{FD672E0D-E327-4261-A1A4-4CBD53FE1C3C}.Debug|Any CPU.ActiveCfg = Debug|Any CPU
		{FD672E0D-E327-4261-A1A4-4CBD53FE1C3C}.Debug|Any CPU.Build.0 = Debug|Any CPU
		{FD672E0D-E327-4261-A1A4-4CBD53FE1C3C}.Release|Any CPU.ActiveCfg = Release|Any CPU
		{FD672E0D-E327-4261-A1A4-4CBD53FE1C3C}.Release|Any CPU.Build.0 = Release|Any CPU
		{B78DC2D9-21F1-4151-8A1D-FF3A46E6B48A}.Debug|Any CPU.ActiveCfg = Debug|Any CPU
		{B78DC2D9-21F1-4151-8A1D-FF3A46E6B48A}.Debug|Any CPU.Build.0 = Debug|Any CPU
		{B78DC2D9-21F1-4151-8A1D-FF3A46E6B48A}.Release|Any CPU.ActiveCfg = Release|Any CPU
		{B78DC2D9-21F1-4151-8A1D-FF3A46E6B48A}.Release|Any CPU.Build.0 = Release|Any CPU
		{1E3E25F3-AEE1-43FF-97EB-90DBEE385607}.Debug|Any CPU.ActiveCfg = Debug|Any CPU
		{1E3E25F3-AEE1-43FF-97EB-90DBEE385607}.Debug|Any CPU.Build.0 = Debug|Any CPU
		{1E3E25F3-AEE1-43FF-97EB-90DBEE385607}.Release|Any CPU.ActiveCfg = Release|Any CPU
		{1E3E25F3-AEE1-43FF-97EB-90DBEE385607}.Release|Any CPU.Build.0 = Release|Any CPU
		{A4ABADCC-3CC9-4B9A-A018-73B7160274B0}.Debug|Any CPU.ActiveCfg = Debug|Any CPU
		{A4ABADCC-3CC9-4B9A-A018-73B7160274B0}.Debug|Any CPU.Build.0 = Debug|Any CPU
		{A4ABADCC-3CC9-4B9A-A018-73B7160274B0}.Release|Any CPU.ActiveCfg = Release|Any CPU
		{A4ABADCC-3CC9-4B9A-A018-73B7160274B0}.Release|Any CPU.Build.0 = Release|Any CPU
		{2FC890DE-FCC1-4503-9773-550D319ED762}.Debug|Any CPU.ActiveCfg = Debug|Any CPU
		{2FC890DE-FCC1-4503-9773-550D319ED762}.Debug|Any CPU.Build.0 = Debug|Any CPU
		{2FC890DE-FCC1-4503-9773-550D319ED762}.Release|Any CPU.ActiveCfg = Release|Any CPU
		{2FC890DE-FCC1-4503-9773-550D319ED762}.Release|Any CPU.Build.0 = Release|Any CPU
	EndGlobalSection
	GlobalSection(SolutionProperties) = preSolution
		HideSolutionNode = FALSE
	EndGlobalSection
	GlobalSection(ExtensibilityGlobals) = postSolution
		SolutionGuid = {52BBA9B4-B9E0-4F3A-AA1F-EEF71C6B49E2}
	EndGlobalSection
EndGlobal
